
Microsoft Visual Studio Solution File, Format Version 12.00
# Visual Studio 14
VisualStudioVersion = 14.0.25420.1
MinimumVisualStudioVersion = 10.0.40219.1
Project("{FAE04EC0-301F-11D3-BF4B-00C04F79EFBC}") = "P2_recsys", "P2_recsys\P2_recsys.csproj", "{4B29DB10-9821-48D6-8E22-D9ED2BFEF44E}"
EndProject
Project("{FAE04EC0-301F-11D3-BF4B-00C04F79EFBC}") = "P2_Recsys.Tests", "P2_recsys.Tests\P2_Recsys.Tests.csproj", "{DAD99710-7B4D-4A40-BE47-0692836362A2}"
EndProject
Global
	GlobalSection(SolutionConfigurationPlatforms) = preSolution
		Debug|Any CPU = Debug|Any CPU
		Release|Any CPU = Release|Any CPU
	EndGlobalSection
	GlobalSection(ProjectConfigurationPlatforms) = postSolution
		{4B29DB10-9821-48D6-8E22-D9ED2BFEF44E}.Debug|Any CPU.ActiveCfg = Debug|Any CPU
		{4B29DB10-9821-48D6-8E22-D9ED2BFEF44E}.Debug|Any CPU.Build.0 = Debug|Any CPU
		{4B29DB10-9821-48D6-8E22-D9ED2BFEF44E}.Release|Any CPU.ActiveCfg = Release|Any CPU
		{4B29DB10-9821-48D6-8E22-D9ED2BFEF44E}.Release|Any CPU.Build.0 = Release|Any CPU
		{ABA049D4-04C3-4EC2-8585-5E20DE248A17}.Debug|Any CPU.ActiveCfg = Debug|Any CPU
		{ABA049D4-04C3-4EC2-8585-5E20DE248A17}.Debug|Any CPU.Build.0 = Debug|Any CPU
		{ABA049D4-04C3-4EC2-8585-5E20DE248A17}.Release|Any CPU.ActiveCfg = Release|Any CPU
		{ABA049D4-04C3-4EC2-8585-5E20DE248A17}.Release|Any CPU.Build.0 = Release|Any CPU
		{DAD99710-7B4D-4A40-BE47-0692836362A2}.Debug|Any CPU.ActiveCfg = Debug|Any CPU
		{DAD99710-7B4D-4A40-BE47-0692836362A2}.Debug|Any CPU.Build.0 = Debug|Any CPU
		{DAD99710-7B4D-4A40-BE47-0692836362A2}.Release|Any CPU.ActiveCfg = Release|Any CPU
		{DAD99710-7B4D-4A40-BE47-0692836362A2}.Release|Any CPU.Build.0 = Release|Any CPU
	EndGlobalSection
	GlobalSection(SolutionProperties) = preSolution
		HideSolutionNode = FALSE
	EndGlobalSection
EndGlobal
